
Microsoft Visual Studio Solution File, Format Version 12.00
# Visual Studio Version 16
VisualStudioVersion = 16.0.30114.105
MinimumVisualStudioVersion = 10.0.40219.1
Project("{FAE04EC0-301F-11D3-BF4B-00C04F79EFBC}") = "WhatsBot", "WhatsBot\WhatsBot.csproj", "{D18AFFC9-B165-468D-AEC3-7C549B6224B3}"
EndProject
Global
	GlobalSection(SolutionConfigurationPlatforms) = preSolution
		Debug|Any CPU = Debug|Any CPU
		Release|Any CPU = Release|Any CPU
	EndGlobalSection
	GlobalSection(ProjectConfigurationPlatforms) = postSolution
		{D18AFFC9-B165-468D-AEC3-7C549B6224B3}.Debug|Any CPU.ActiveCfg = Debug|Any CPU
		{D18AFFC9-B165-468D-AEC3-7C549B6224B3}.Debug|Any CPU.Build.0 = Debug|Any CPU
		{D18AFFC9-B165-468D-AEC3-7C549B6224B3}.Release|Any CPU.ActiveCfg = Release|Any CPU
		{D18AFFC9-B165-468D-AEC3-7C549B6224B3}.Release|Any CPU.Build.0 = Release|Any CPU
	EndGlobalSection
	GlobalSection(SolutionProperties) = preSolution
		HideSolutionNode = FALSE
	EndGlobalSection
	GlobalSection(ExtensibilityGlobals) = postSolution
		SolutionGuid = {572DEA7C-3268-4CA1-9C5D-B11F11A1DCE0}
	EndGlobalSection
EndGlobal
